
Microsoft Visual Studio Solution File, Format Version 12.00
# Visual Studio 15
VisualStudioVersion = 15.0.28307.1259
MinimumVisualStudioVersion = 10.0.40219.1
Project("{262852C6-CD72-467D-83FE-5EEB1973A190}") = "Bloque 1", "Bloque 1\Bloque 1.jsproj", "{D8565003-5F66-4FA3-80FF-9C085EE62381}"
EndProject
Global
	GlobalSection(SolutionConfigurationPlatforms) = preSolution
		Debug|Android = Debug|Android
		Debug|iOS = Debug|iOS
		Debug|Windows-ARM = Debug|Windows-ARM
		Debug|Windows-x64 = Debug|Windows-x64
		Debug|Windows-x86 = Debug|Windows-x86
		Release|Android = Release|Android
		Release|iOS = Release|iOS
		Release|Windows-ARM = Release|Windows-ARM
		Release|Windows-x64 = Release|Windows-x64
		Release|Windows-x86 = Release|Windows-x86
	EndGlobalSection
	GlobalSection(ProjectConfigurationPlatforms) = postSolution
		{D8565003-5F66-4FA3-80FF-9C085EE62381}.Debug|Android.ActiveCfg = Debug|Android
		{D8565003-5F66-4FA3-80FF-9C085EE62381}.Debug|Android.Build.0 = Debug|Android
		{D8565003-5F66-4FA3-80FF-9C085EE62381}.Debug|Android.Deploy.0 = Debug|Android
		{D8565003-5F66-4FA3-80FF-9C085EE62381}.Debug|iOS.ActiveCfg = Debug|iOS
		{D8565003-5F66-4FA3-80FF-9C085EE62381}.Debug|iOS.Build.0 = Debug|iOS
		{D8565003-5F66-4FA3-80FF-9C085EE62381}.Debug|iOS.Deploy.0 = Debug|iOS
		{D8565003-5F66-4FA3-80FF-9C085EE62381}.Debug|Windows-ARM.ActiveCfg = Debug|Windows-ARM
		{D8565003-5F66-4FA3-80FF-9C085EE62381}.Debug|Windows-ARM.Build.0 = Debug|Windows-ARM
		{D8565003-5F66-4FA3-80FF-9C085EE62381}.Debug|Windows-ARM.Deploy.0 = Debug|Windows-ARM
		{D8565003-5F66-4FA3-80FF-9C085EE62381}.Debug|Windows-x64.ActiveCfg = Debug|Windows-x64
		{D8565003-5F66-4FA3-80FF-9C085EE62381}.Debug|Windows-x64.Build.0 = Debug|Windows-x64
		{D8565003-5F66-4FA3-80FF-9C085EE62381}.Debug|Windows-x64.Deploy.0 = Debug|Windows-x64
		{D8565003-5F66-4FA3-80FF-9C085EE62381}.Debug|Windows-x86.ActiveCfg = Debug|Windows-x86
		{D8565003-5F66-4FA3-80FF-9C085EE62381}.Debug|Windows-x86.Build.0 = Debug|Windows-x86
		{D8565003-5F66-4FA3-80FF-9C085EE62381}.Debug|Windows-x86.Deploy.0 = Debug|Windows-x86
		{D8565003-5F66-4FA3-80FF-9C085EE62381}.Release|Android.ActiveCfg = Release|Android
		{D8565003-5F66-4FA3-80FF-9C085EE62381}.Release|Android.Build.0 = Release|Android
		{D8565003-5F66-4FA3-80FF-9C085EE62381}.Release|Android.Deploy.0 = Release|Android
		{D8565003-5F66-4FA3-80FF-9C085EE62381}.Release|iOS.ActiveCfg = Release|iOS
		{D8565003-5F66-4FA3-80FF-9C085EE62381}.Release|iOS.Build.0 = Release|iOS
		{D8565003-5F66-4FA3-80FF-9C085EE62381}.Release|iOS.Deploy.0 = Release|iOS
		{D8565003-5F66-4FA3-80FF-9C085EE62381}.Release|Windows-ARM.ActiveCfg = Release|Windows-ARM
		{D8565003-5F66-4FA3-80FF-9C085EE62381}.Release|Windows-ARM.Build.0 = Release|Windows-ARM
		{D8565003-5F66-4FA3-80FF-9C085EE62381}.Release|Windows-ARM.Deploy.0 = Release|Windows-ARM
		{D8565003-5F66-4FA3-80FF-9C085EE62381}.Release|Windows-x64.ActiveCfg = Release|Windows-x64
		{D8565003-5F66-4FA3-80FF-9C085EE62381}.Release|Windows-x64.Build.0 = Release|Windows-x64
		{D8565003-5F66-4FA3-80FF-9C085EE62381}.Release|Windows-x64.Deploy.0 = Release|Windows-x64
		{D8565003-5F66-4FA3-80FF-9C085EE62381}.Release|Windows-x86.ActiveCfg = Release|Windows-x86
		{D8565003-5F66-4FA3-80FF-9C085EE62381}.Release|Windows-x86.Build.0 = Release|Windows-x86
		{D8565003-5F66-4FA3-80FF-9C085EE62381}.Release|Windows-x86.Deploy.0 = Release|Windows-x86
	EndGlobalSection
	GlobalSection(SolutionProperties) = preSolution
		HideSolutionNode = FALSE
	EndGlobalSection
	GlobalSection(ExtensibilityGlobals) = postSolution
		SolutionGuid = {153E7087-4A48-42CE-97D4-1C019D765DE2}
	EndGlobalSection
EndGlobal
